
Microsoft Visual Studio Solution File, Format Version 12.00
# Visual Studio Version 16
VisualStudioVersion = 16.0.32413.511
MinimumVisualStudioVersion = 10.0.40219.1
Project("{FAE04EC0-301F-11D3-BF4B-00C04F79EFBC}") = "MyFirstprogram", "MyFirstprogram\MyFirstprogram.csproj", "{F3BEE210-EA36-4694-B2A6-F4A88DB4D30E}"
EndProject
Global
	GlobalSection(SolutionConfigurationPlatforms) = preSolution
		Debug|Any CPU = Debug|Any CPU
		Release|Any CPU = Release|Any CPU
	EndGlobalSection
	GlobalSection(ProjectConfigurationPlatforms) = postSolution
		{F3BEE210-EA36-4694-B2A6-F4A88DB4D30E}.Debug|Any CPU.ActiveCfg = Debug|Any CPU
		{F3BEE210-EA36-4694-B2A6-F4A88DB4D30E}.Debug|Any CPU.Build.0 = Debug|Any CPU
		{F3BEE210-EA36-4694-B2A6-F4A88DB4D30E}.Release|Any CPU.ActiveCfg = Release|Any CPU
		{F3BEE210-EA36-4694-B2A6-F4A88DB4D30E}.Release|Any CPU.Build.0 = Release|Any CPU
	EndGlobalSection
	GlobalSection(SolutionProperties) = preSolution
		HideSolutionNode = FALSE
	EndGlobalSection
	GlobalSection(ExtensibilityGlobals) = postSolution
		SolutionGuid = {8AD4FCC5-C3CC-4BB1-BA52-D64FFAF31F7F}
	EndGlobalSection
EndGlobal
